
Microsoft Visual Studio Solution File, Format Version 12.00
# Visual Studio Version 16
VisualStudioVersion = 16.0.28803.156
MinimumVisualStudioVersion = 10.0.40219.1
Project("{9A19103F-16F7-4668-BE54-9A1E7A4F7556}") = "Essenbee.Bot.Core", "Essenbee.Bot.Core\Essenbee.Bot.Core.csproj", "{307D6112-E6CE-44CC-98E8-843D915D0EBB}"
EndProject
Project("{9A19103F-16F7-4668-BE54-9A1E7A4F7556}") = "Essenbee.Bot.Infra.Slack", "Essenbee.Bot.Infra.Slack\Essenbee.Bot.Infra.Slack.csproj", "{A35AD56B-8607-4E46-AD7B-745E9BAC9715}"
EndProject
Project("{9A19103F-16F7-4668-BE54-9A1E7A4F7556}") = "UnitTests", "UnitTests\UnitTests.csproj", "{89AAA69A-63F0-4EF4-BA71-F17FB79C4F07}"
EndProject
Project("{9A19103F-16F7-4668-BE54-9A1E7A4F7556}") = "Essenbee.Bot.Web", "Essenbee.Bot.Web\Essenbee.Bot.Web.csproj", "{D52EA832-5840-479B-8512-C3D0DEE58538}"
EndProject
Project("{2150E333-8FDC-42A3-9474-1A3956D46DE8}") = "Solution Items", "Solution Items", "{AB856A69-567D-4C25-87F5-F178E64C9BF1}"
	ProjectSection(SolutionItems) = preProject
		.editorconfig = .editorconfig
	EndProjectSection
EndProject
Project("{9A19103F-16F7-4668-BE54-9A1E7A4F7556}") = "Essenbee.Bot.Infra.CognitiveServices", "Essenbee.Bot.Inra.CognitiveServices\Essenbee.Bot.Infra.CognitiveServices.csproj", "{7F3AFD4C-6709-4CEC-8CA4-7442621F5EC5}"
EndProject
Project("{9A19103F-16F7-4668-BE54-9A1E7A4F7556}") = "Essenbee.Bot.Infra.Hangfire", "Essenbee.Bot.Infra.Hangfire\Essenbee.Bot.Infra.Hangfire.csproj", "{E793A63B-C046-4B69-A573-9E42B9236DC6}"
EndProject
Project("{9A19103F-16F7-4668-BE54-9A1E7A4F7556}") = "Essenbee.Bot.Infra.Twitch", "Essenbee.Bot.Infra.Twitch\Essenbee.Bot.Infra.Twitch.csproj", "{7CCE70FE-8D5B-437B-A580-F4A71BFABE0B}"
EndProject
Project("{9A19103F-16F7-4668-BE54-9A1E7A4F7556}") = "Essenbee.Bot.Infra.Discord", "Essenbee.Bot.Infra.Discord\Essenbee.Bot.Infra.Discord.csproj", "{45E5AEAB-C265-458E-B764-F2CEC79CC6FB}"
EndProject
Project("{FAE04EC0-301F-11D3-BF4B-00C04F79EFBC}") = "Essenbee.Bot.Infra.GraphQL", "Essenbee.Bot.Infra.GraphQL\Essenbee.Bot.Infra.GraphQL.csproj", "{5E91196A-6D07-4E43-9CB4-5466B0D91126}"
EndProject
Global
	GlobalSection(SolutionConfigurationPlatforms) = preSolution
		Debug|Any CPU = Debug|Any CPU
		Release|Any CPU = Release|Any CPU
	EndGlobalSection
	GlobalSection(ProjectConfigurationPlatforms) = postSolution
		{307D6112-E6CE-44CC-98E8-843D915D0EBB}.Debug|Any CPU.ActiveCfg = Debug|Any CPU
		{307D6112-E6CE-44CC-98E8-843D915D0EBB}.Debug|Any CPU.Build.0 = Debug|Any CPU
		{307D6112-E6CE-44CC-98E8-843D915D0EBB}.Release|Any CPU.ActiveCfg = Release|Any CPU
		{307D6112-E6CE-44CC-98E8-843D915D0EBB}.Release|Any CPU.Build.0 = Release|Any CPU
		{A35AD56B-8607-4E46-AD7B-745E9BAC9715}.Debug|Any CPU.ActiveCfg = Debug|Any CPU
		{A35AD56B-8607-4E46-AD7B-745E9BAC9715}.Debug|Any CPU.Build.0 = Debug|Any CPU
		{A35AD56B-8607-4E46-AD7B-745E9BAC9715}.Release|Any CPU.ActiveCfg = Release|Any CPU
		{A35AD56B-8607-4E46-AD7B-745E9BAC9715}.Release|Any CPU.Build.0 = Release|Any CPU
		{89AAA69A-63F0-4EF4-BA71-F17FB79C4F07}.Debug|Any CPU.ActiveCfg = Debug|Any CPU
		{89AAA69A-63F0-4EF4-BA71-F17FB79C4F07}.Debug|Any CPU.Build.0 = Debug|Any CPU
		{89AAA69A-63F0-4EF4-BA71-F17FB79C4F07}.Release|Any CPU.ActiveCfg = Release|Any CPU
		{89AAA69A-63F0-4EF4-BA71-F17FB79C4F07}.Release|Any CPU.Build.0 = Release|Any CPU
		{D52EA832-5840-479B-8512-C3D0DEE58538}.Debug|Any CPU.ActiveCfg = Debug|Any CPU
		{D52EA832-5840-479B-8512-C3D0DEE58538}.Debug|Any CPU.Build.0 = Debug|Any CPU
		{D52EA832-5840-479B-8512-C3D0DEE58538}.Release|Any CPU.ActiveCfg = Release|Any CPU
		{D52EA832-5840-479B-8512-C3D0DEE58538}.Release|Any CPU.Build.0 = Release|Any CPU
		{7F3AFD4C-6709-4CEC-8CA4-7442621F5EC5}.Debug|Any CPU.ActiveCfg = Debug|Any CPU
		{7F3AFD4C-6709-4CEC-8CA4-7442621F5EC5}.Debug|Any CPU.Build.0 = Debug|Any CPU
		{7F3AFD4C-6709-4CEC-8CA4-7442621F5EC5}.Release|Any CPU.ActiveCfg = Release|Any CPU
		{7F3AFD4C-6709-4CEC-8CA4-7442621F5EC5}.Release|Any CPU.Build.0 = Release|Any CPU
		{E793A63B-C046-4B69-A573-9E42B9236DC6}.Debug|Any CPU.ActiveCfg = Debug|Any CPU
		{E793A63B-C046-4B69-A573-9E42B9236DC6}.Debug|Any CPU.Build.0 = Debug|Any CPU
		{E793A63B-C046-4B69-A573-9E42B9236DC6}.Release|Any CPU.ActiveCfg = Release|Any CPU
		{E793A63B-C046-4B69-A573-9E42B9236DC6}.Release|Any CPU.Build.0 = Release|Any CPU
		{7CCE70FE-8D5B-437B-A580-F4A71BFABE0B}.Debug|Any CPU.ActiveCfg = Debug|Any CPU
		{7CCE70FE-8D5B-437B-A580-F4A71BFABE0B}.Debug|Any CPU.Build.0 = Debug|Any CPU
		{7CCE70FE-8D5B-437B-A580-F4A71BFABE0B}.Release|Any CPU.ActiveCfg = Release|Any CPU
		{7CCE70FE-8D5B-437B-A580-F4A71BFABE0B}.Release|Any CPU.Build.0 = Release|Any CPU
		{45E5AEAB-C265-458E-B764-F2CEC79CC6FB}.Debug|Any CPU.ActiveCfg = Debug|Any CPU
		{45E5AEAB-C265-458E-B764-F2CEC79CC6FB}.Debug|Any CPU.Build.0 = Debug|Any CPU
		{45E5AEAB-C265-458E-B764-F2CEC79CC6FB}.Release|Any CPU.ActiveCfg = Release|Any CPU
		{45E5AEAB-C265-458E-B764-F2CEC79CC6FB}.Release|Any CPU.Build.0 = Release|Any CPU
		{5E91196A-6D07-4E43-9CB4-5466B0D91126}.Debug|Any CPU.ActiveCfg = Debug|Any CPU
		{5E91196A-6D07-4E43-9CB4-5466B0D91126}.Debug|Any CPU.Build.0 = Debug|Any CPU
		{5E91196A-6D07-4E43-9CB4-5466B0D91126}.Release|Any CPU.ActiveCfg = Release|Any CPU
		{5E91196A-6D07-4E43-9CB4-5466B0D91126}.Release|Any CPU.Build.0 = Release|Any CPU
	EndGlobalSection
	GlobalSection(SolutionProperties) = preSolution
		HideSolutionNode = FALSE
	EndGlobalSection
	GlobalSection(ExtensibilityGlobals) = postSolution
		SolutionGuid = {FC6ECBD8-103C-4766-A3E6-0F889F5F79A7}
	EndGlobalSection
EndGlobal
